
Microsoft Visual Studio Solution File, Format Version 12.00
# Visual Studio Version 17
VisualStudioVersion = 17.11.35222.181
MinimumVisualStudioVersion = 10.0.40219.1
Project("{FAE04EC0-301F-11D3-BF4B-00C04F79EFBC}") = "ETLTestAssesment", "ETLTestAssesment.csproj", "{C75D66A2-F39C-407B-88F0-5405FEAD60CC}"
EndProject
Global
	GlobalSection(SolutionConfigurationPlatforms) = preSolution
		Debug|Any CPU = Debug|Any CPU
		Release|Any CPU = Release|Any CPU
	EndGlobalSection
	GlobalSection(ProjectConfigurationPlatforms) = postSolution
		{C75D66A2-F39C-407B-88F0-5405FEAD60CC}.Debug|Any CPU.ActiveCfg = Debug|Any CPU
		{C75D66A2-F39C-407B-88F0-5405FEAD60CC}.Debug|Any CPU.Build.0 = Debug|Any CPU
		{C75D66A2-F39C-407B-88F0-5405FEAD60CC}.Release|Any CPU.ActiveCfg = Release|Any CPU
		{C75D66A2-F39C-407B-88F0-5405FEAD60CC}.Release|Any CPU.Build.0 = Release|Any CPU
	EndGlobalSection
	GlobalSection(SolutionProperties) = preSolution
		HideSolutionNode = FALSE
	EndGlobalSection
	GlobalSection(ExtensibilityGlobals) = postSolution
		SolutionGuid = {2540E1B7-E5CD-48EE-934D-B7E15AC2C7A6}
	EndGlobalSection
EndGlobal
